
Microsoft Visual Studio Solution File, Format Version 12.00
# Visual Studio 15
VisualStudioVersion = 15.0.27130.2024
MinimumVisualStudioVersion = 10.0.40219.1
Project("{FAE04EC0-301F-11D3-BF4B-00C04F79EFBC}") = "NCBITaxonomyTest", "NCBITaxonomyTest\NCBITaxonomyTest.csproj", "{2EAAF116-D71B-44B1-B8F3-F13CB2F0EB23}"
EndProject
Project("{FAE04EC0-301F-11D3-BF4B-00C04F79EFBC}") = "NcbiTaxonomyTreeBrowserTest", "NcbiTaxonomyTreeBrowserTest\NcbiTaxonomyTreeBrowserTest.csproj", "{A2FFA3BA-7B86-4000-8C4E-6E06B32B83F6}"
EndProject
Global
	GlobalSection(SolutionConfigurationPlatforms) = preSolution
		Debug|Any CPU = Debug|Any CPU
		Release|Any CPU = Release|Any CPU
	EndGlobalSection
	GlobalSection(ProjectConfigurationPlatforms) = postSolution
		{2EAAF116-D71B-44B1-B8F3-F13CB2F0EB23}.Debug|Any CPU.ActiveCfg = Debug|Any CPU
		{2EAAF116-D71B-44B1-B8F3-F13CB2F0EB23}.Debug|Any CPU.Build.0 = Debug|Any CPU
		{2EAAF116-D71B-44B1-B8F3-F13CB2F0EB23}.Release|Any CPU.ActiveCfg = Release|Any CPU
		{2EAAF116-D71B-44B1-B8F3-F13CB2F0EB23}.Release|Any CPU.Build.0 = Release|Any CPU
		{A2FFA3BA-7B86-4000-8C4E-6E06B32B83F6}.Debug|Any CPU.ActiveCfg = Debug|Any CPU
		{A2FFA3BA-7B86-4000-8C4E-6E06B32B83F6}.Debug|Any CPU.Build.0 = Debug|Any CPU
		{A2FFA3BA-7B86-4000-8C4E-6E06B32B83F6}.Release|Any CPU.ActiveCfg = Release|Any CPU
		{A2FFA3BA-7B86-4000-8C4E-6E06B32B83F6}.Release|Any CPU.Build.0 = Release|Any CPU
	EndGlobalSection
	GlobalSection(SolutionProperties) = preSolution
		HideSolutionNode = FALSE
	EndGlobalSection
	GlobalSection(ExtensibilityGlobals) = postSolution
		SolutionGuid = {54160A62-3ED0-4775-9322-3EED2C495692}
	EndGlobalSection
EndGlobal
